# This file is automatically @generated by Poetry 1.8.3 and should not be changed by hand.

[[package]]
name = "mysql-connector-python"
version = "9.0.0"
description = "MySQL driver written in Python"
optional = false
python-versions = ">=3.8"
files = [
    {file = "mysql-connector-python-9.0.0.tar.gz", hash = "sha256:8a404db37864acca43fd76222d1fbc7ff8d17d4ce02d803289c2141c2693ce9e"},
    {file = "mysql_connector_python-9.0.0-cp310-cp310-macosx_13_0_arm64.whl", hash = "sha256:72bfd0213364c2bea0244f6432ababb2f204cff43f4f886c65dca2be11f536ee"},
    {file = "mysql_connector_python-9.0.0-cp310-cp310-macosx_13_0_x86_64.whl", hash = "sha256:052058cf3dc0bf183ab522132f3b18a614a26f3e392ae886efcdab38d4f4fc42"},
    {file = "mysql_connector_python-9.0.0-cp310-cp310-manylinux_2_17_aarch64.whl", hash = "sha256:f41cb8da8bb487ed60329ac31789c50621f0e6d2c26abc7d4ae2383838fb1b93"},
    {file = "mysql_connector_python-9.0.0-cp310-cp310-manylinux_2_17_x86_64.whl", hash = "sha256:67fc2b2e67a63963c633fc884f285a8de5a626967a3cc5f5d48ac3e8d15b122d"},
    {file = "mysql_connector_python-9.0.0-cp310-cp310-win_amd64.whl", hash = "sha256:933c3e39d30cc6f9ff636d27d18aa3f1341b23d803ade4b57a76f91c26d14066"},
    {file = "mysql_connector_python-9.0.0-cp311-cp311-macosx_13_0_arm64.whl", hash = "sha256:7af7f68198f2aca3a520e1201fe2b329331e0ca19a481f3b3451cb0746f56c01"},
    {file = "mysql_connector_python-9.0.0-cp311-cp311-macosx_13_0_x86_64.whl", hash = "sha256:38c229d76cd1dea8465357855f2b2842b7a9b201f17dea13b0eab7d3b9d6ad74"},
    {file = "mysql_connector_python-9.0.0-cp311-cp311-manylinux_2_17_aarch64.whl", hash = "sha256:c01aad36f0c34ca3f642018be37fd0d55c546f088837cba88f1a1aff408c63dd"},
    {file = "mysql_connector_python-9.0.0-cp311-cp311-manylinux_2_17_x86_64.whl", hash = "sha256:853c5916d188ef2c357a474e15ac81cafae6085e599ceb9b2b0bcb9104118e63"},
    {file = "mysql_connector_python-9.0.0-cp311-cp311-win_amd64.whl", hash = "sha256:134b71e439e2eafaee4c550365221ae2890dd54fb76227c64a87a94a07fe79b4"},
    {file = "mysql_connector_python-9.0.0-cp312-cp312-macosx_13_0_arm64.whl", hash = "sha256:9199d6ecc81576602990178f0c2fb71737c53a598c8a2f51e1097a53fcfaee40"},
    {file = "mysql_connector_python-9.0.0-cp312-cp312-macosx_13_0_x86_64.whl", hash = "sha256:b267a6c000b7f98e6436a9acefa5582a9662e503b0632a2562e3093a677f6845"},
    {file = "mysql_connector_python-9.0.0-cp312-cp312-manylinux_2_17_aarch64.whl", hash = "sha256:ac92b2f2a9307ac0c4aafdfcf7ecf01ec92dfebd9140f8c95353adfbf5822cd4"},
    {file = "mysql_connector_python-9.0.0-cp312-cp312-manylinux_2_17_x86_64.whl", hash = "sha256:ced1fa55e653d28f66c4f3569ed524d4d92098119dcd80c2fa026872a30eba55"},
    {file = "mysql_connector_python-9.0.0-cp312-cp312-win_amd64.whl", hash = "sha256:ca8349fe56ce39498d9b5ca8eabba744774e94d85775259f26a43a03e8825429"},
    {file = "mysql_connector_python-9.0.0-cp38-cp38-macosx_13_0_x86_64.whl", hash = "sha256:a48534b881c176557ddc78527c8c75b4c9402511e972670ad33c5e49d31eddfe"},
    {file = "mysql_connector_python-9.0.0-cp38-cp38-manylinux_2_17_aarch64.whl", hash = "sha256:e90a7b96ce2c6a60f6e2609b0c83f45bd55e144cc7c2a9714e344938827da363"},
    {file = "mysql_connector_python-9.0.0-cp38-cp38-manylinux_2_17_x86_64.whl", hash = "sha256:2a8f451c4d700802fdfe515890c14974766c322213df2ceed3b27752929dc70f"},
    {file = "mysql_connector_python-9.0.0-cp38-cp38-win_amd64.whl", hash = "sha256:2dcf05355315e5c7c81e9eca34395d78f29c4da3662e869e42dd7b16380f92ce"},
    {file = "mysql_connector_python-9.0.0-cp39-cp39-macosx_13_0_arm64.whl", hash = "sha256:823190e7f2a9b4bcc574ab6bb72a33802933e1a8c171594faad90162d2d27758"},
    {file = "mysql_connector_python-9.0.0-cp39-cp39-macosx_13_0_x86_64.whl", hash = "sha256:b8639d8aa381a7d19b92ca1a32448f09baaf80787e50187d1f7d072191430768"},
    {file = "mysql_connector_python-9.0.0-cp39-cp39-manylinux_2_17_aarch64.whl", hash = "sha256:a688ea65b2ea771b9b69dc409377240a7cab7c1aafef46cd75219d5a94ba49e0"},
    {file = "mysql_connector_python-9.0.0-cp39-cp39-manylinux_2_17_x86_64.whl", hash = "sha256:6d92c58f71c691f86ad35bb2f3e13d7a9cc1c84ce0b04c146e5980e450faeff1"},
    {file = "mysql_connector_python-9.0.0-cp39-cp39-win_amd64.whl", hash = "sha256:eacc353dcf6f39665d4ca3311ded5ddae0f5a117f03107991d4185ffa59fd890"},
    {file = "mysql_connector_python-9.0.0-py2.py3-none-any.whl", hash = "sha256:016d81bb1499dee8b77c82464244e98f10d3671ceefb4023adc559267d1fad50"},
]

[package.extras]
dns-srv = ["dnspython (==2.6.1)"]
fido2 = ["fido2 (==1.1.2)"]
gssapi = ["gssapi (>=1.6.9,<=1.8.2)"]
telemetry = ["opentelemetry-api (==1.18.0)", "opentelemetry-exporter-otlp-proto-http (==1.18.0)", "opentelemetry-sdk (==1.18.0)"]

[metadata]
lock-version = "2.0"
python-versions = "^3.12"
content-hash = "b6c761db9e5ad437c3de108a934810e68f4e185478fbc25cbd05ab370153a5c9"
